// !$*UTF8*$!
{
	archiveVersion = 1;
	classes = {
	};
	objectVersion = 56;
	objects = {

/* Begin PBXBuildFile section */
		49FA1AC42B8C245300AF9A56 /* AppDelegate.swift in Sources */ = {isa = PBXBuildFile; fileRef = 49FA1AC32B8C245300AF9A56 /* AppDelegate.swift */; };
		49FA1AC62B8C245300AF9A56 /* SceneDelegate.swift in Sources */ = {isa = PBXBuildFile; fileRef = 49FA1AC52B8C245300AF9A56 /* SceneDelegate.swift */; };
		49FA1AC82B8C245300AF9A56 /* ViewController.swift in Sources */ = {isa = PBXBuildFile; fileRef = 49FA1AC72B8C245300AF9A56 /* ViewController.swift */; };
		49FA1ACD2B8C245400AF9A56 /* Assets.xcassets in Resources */ = {isa = PBXBuildFile; fileRef = 49FA1ACC2B8C245400AF9A56 /* Assets.xcassets */; };
		49FA1AD02B8C245400AF9A56 /* LaunchScreen.storyboard in Resources */ = {isa = PBXBuildFile; fileRef = 49FA1ACE2B8C245400AF9A56 /* LaunchScreen.storyboard */; };
		49FA1AD92B8C24D500AF9A56 /* SnapKit in Frameworks */ = {isa = PBXBuildFile; productRef = 49FA1AD82B8C24D500AF9A56 /* SnapKit */; };
		49FA1ADB2B8C24D500AF9A56 /* SnapKit-Dynamic in Frameworks */ = {isa = PBXBuildFile; productRef = 49FA1ADA2B8C24D500AF9A56 /* SnapKit-Dynamic */; };
		49FA1ADE2B8C24F900AF9A56 /* DGCharts in Frameworks */ = {isa = PBXBuildFile; productRef = 49FA1ADD2B8C24F900AF9A56 /* DGCharts */; };
		49FA1AE02B8C24F900AF9A56 /* DGChartsDynamic in Frameworks */ = {isa = PBXBuildFile; productRef = 49FA1ADF2B8C24F900AF9A56 /* DGChartsDynamic */; };
		49FA1AE62B8C254900AF9A56 /* UIViewPreview.swift in Sources */ = {isa = PBXBuildFile; fileRef = 49FA1AE22B8C254900AF9A56 /* UIViewPreview.swift */; };
		49FA1AE72B8C254900AF9A56 /* Extension+UIViewController.swift in Sources */ = {isa = PBXBuildFile; fileRef = 49FA1AE32B8C254900AF9A56 /* Extension+UIViewController.swift */; };
		49FA1AE92B8C254900AF9A56 /* DeviceType.swift in Sources */ = {isa = PBXBuildFile; fileRef = 49FA1AE52B8C254900AF9A56 /* DeviceType.swift */; };
		49FA1AEB2B8C277400AF9A56 /* ViewModel.swift in Sources */ = {isa = PBXBuildFile; fileRef = 49FA1AEA2B8C277400AF9A56 /* ViewModel.swift */; };
		49FA1AED2B8C27C300AF9A56 /* CandleModel.swift in Sources */ = {isa = PBXBuildFile; fileRef = 49FA1AEC2B8C27C300AF9A56 /* CandleModel.swift */; };
		49FA1AF42B8C286300AF9A56 /* RxCocoa in Frameworks */ = {isa = PBXBuildFile; productRef = 49FA1AF32B8C286300AF9A56 /* RxCocoa */; };
		49FA1AF62B8C286300AF9A56 /* RxCocoa-Dynamic in Frameworks */ = {isa = PBXBuildFile; productRef = 49FA1AF52B8C286300AF9A56 /* RxCocoa-Dynamic */; };
		49FA1AFC2B8C286300AF9A56 /* RxSwift in Frameworks */ = {isa = PBXBuildFile; productRef = 49FA1AFB2B8C286300AF9A56 /* RxSwift */; };
		49FA1AFE2B8C286300AF9A56 /* RxSwift-Dynamic in Frameworks */ = {isa = PBXBuildFile; productRef = 49FA1AFD2B8C286300AF9A56 /* RxSwift-Dynamic */; };
/* End PBXBuildFile section */

/* Begin PBXFileReference section */
		49FA1AC02B8C245300AF9A56 /* UIKitChartSample.app */ = {isa = PBXFileReference; explicitFileType = wrapper.application; includeInIndex = 0; path = UIKitChartSample.app; sourceTree = BUILT_PRODUCTS_DIR; };
		49FA1AC32B8C245300AF9A56 /* AppDelegate.swift */ = {isa = PBXFileReference; lastKnownFileType = sourcecode.swift; path = AppDelegate.swift; sourceTree = "<group>"; };
		49FA1AC52B8C245300AF9A56 /* SceneDelegate.swift */ = {isa = PBXFileReference; lastKnownFileType = sourcecode.swift; path = SceneDelegate.swift; sourceTree = "<group>"; };
		49FA1AC72B8C245300AF9A56 /* ViewController.swift */ = {isa = PBXFileReference; lastKnownFileType = sourcecode.swift; path = ViewController.swift; sourceTree = "<group>"; };
		49FA1ACC2B8C245400AF9A56 /* Assets.xcassets */ = {isa = PBXFileReference; lastKnownFileType = folder.assetcatalog; path = Assets.xcassets; sourceTree = "<group>"; };
		49FA1ACF2B8C245400AF9A56 /* Base */ = {isa = PBXFileReference; lastKnownFileType = file.storyboard; name = Base; path = Base.lproj/LaunchScreen.storyboard; sourceTree = "<group>"; };
		49FA1AD12B8C245400AF9A56 /* Info.plist */ = {isa = PBXFileReference; lastKnownFileType = text.plist.xml; path = Info.plist; sourceTree = "<group>"; };
		49FA1AE22B8C254900AF9A56 /* UIViewPreview.swift */ = {isa = PBXFileReference; fileEncoding = 4; lastKnownFileType = sourcecode.swift; path = UIViewPreview.swift; sourceTree = "<group>"; };
		49FA1AE32B8C254900AF9A56 /* Extension+UIViewController.swift */ = {isa = PBXFileReference; fileEncoding = 4; lastKnownFileType = sourcecode.swift; path = "Extension+UIViewController.swift"; sourceTree = "<group>"; };
		49FA1AE52B8C254900AF9A56 /* DeviceType.swift */ = {isa = PBXFileReference; fileEncoding = 4; lastKnownFileType = sourcecode.swift; path = DeviceType.swift; sourceTree = "<group>"; };
		49FA1AEA2B8C277400AF9A56 /* ViewModel.swift */ = {isa = PBXFileReference; lastKnownFileType = sourcecode.swift; path = ViewModel.swift; sourceTree = "<group>"; };
		49FA1AEC2B8C27C300AF9A56 /* CandleModel.swift */ = {isa = PBXFileReference; fileEncoding = 4; lastKnownFileType = sourcecode.swift; path = CandleModel.swift; sourceTree = "<group>"; };
/* End PBXFileReference section */

/* Begin PBXFrameworksBuildPhase section */
		49FA1ABD2B8C245300AF9A56 /* Frameworks */ = {
			isa = PBXFrameworksBuildPhase;
			buildActionMask = 2147483647;
			files = (
				49FA1AF62B8C286300AF9A56 /* RxCocoa-Dynamic in Frameworks */,
				49FA1AE02B8C24F900AF9A56 /* DGChartsDynamic in Frameworks */,
				49FA1AD92B8C24D500AF9A56 /* SnapKit in Frameworks */,
				49FA1AFE2B8C286300AF9A56 /* RxSwift-Dynamic in Frameworks */,
				49FA1ADE2B8C24F900AF9A56 /* DGCharts in Frameworks */,
				49FA1AF42B8C286300AF9A56 /* RxCocoa in Frameworks */,
				49FA1ADB2B8C24D500AF9A56 /* SnapKit-Dynamic in Frameworks */,
				49FA1AFC2B8C286300AF9A56 /* RxSwift in Frameworks */,
			);
			runOnlyForDeploymentPostprocessing = 0;
		};
/* End PBXFrameworksBuildPhase section */

/* Begin PBXGroup section */
		49FA1AB72B8C245200AF9A56 = {
			isa = PBXGroup;
			children = (
				49FA1AC22B8C245300AF9A56 /* UIKitChartSample */,
				49FA1AC12B8C245300AF9A56 /* Products */,
			);
			sourceTree = "<group>";
		};
		49FA1AC12B8C245300AF9A56 /* Products */ = {
			isa = PBXGroup;
			children = (
				49FA1AC02B8C245300AF9A56 /* UIKitChartSample.app */,
			);
			name = Products;
			sourceTree = "<group>";
		};
		49FA1AC22B8C245300AF9A56 /* UIKitChartSample */ = {
			isa = PBXGroup;
			children = (
				49FA1AC32B8C245300AF9A56 /* AppDelegate.swift */,
				49FA1AC52B8C245300AF9A56 /* SceneDelegate.swift */,
				49FA1AC72B8C245300AF9A56 /* ViewController.swift */,
				49FA1AE12B8C254900AF9A56 /* Preview */,
				49FA1ACC2B8C245400AF9A56 /* Assets.xcassets */,
				49FA1ACE2B8C245400AF9A56 /* LaunchScreen.storyboard */,
				49FA1AD12B8C245400AF9A56 /* Info.plist */,
				49FA1AEA2B8C277400AF9A56 /* ViewModel.swift */,
				49FA1AEC2B8C27C300AF9A56 /* CandleModel.swift */,
			);
			path = UIKitChartSample;
			sourceTree = "<group>";
		};
		49FA1AE12B8C254900AF9A56 /* Preview */ = {
			isa = PBXGroup;
			children = (
				49FA1AE22B8C254900AF9A56 /* UIViewPreview.swift */,
				49FA1AE32B8C254900AF9A56 /* Extension+UIViewController.swift */,
				49FA1AE52B8C254900AF9A56 /* DeviceType.swift */,
			);
			path = Preview;
			sourceTree = "<group>";
		};
/* End PBXGroup section */

/* Begin PBXNativeTarget section */
		49FA1ABF2B8C245300AF9A56 /* UIKitChartSample */ = {
			isa = PBXNativeTarget;
			buildConfigurationList = 49FA1AD42B8C245400AF9A56 /* Build configuration list for PBXNativeTarget "UIKitChartSample" */;
			buildPhases = (
				49FA1ABC2B8C245300AF9A56 /* Sources */,
				49FA1ABD2B8C245300AF9A56 /* Frameworks */,
				49FA1ABE2B8C245300AF9A56 /* Resources */,
			);
			buildRules = (
			);
			dependencies = (
			);
			name = UIKitChartSample;
			packageProductDependencies = (
				49FA1AD82B8C24D500AF9A56 /* SnapKit */,
				49FA1ADA2B8C24D500AF9A56 /* SnapKit-Dynamic */,
				49FA1ADD2B8C24F900AF9A56 /* DGCharts */,
				49FA1ADF2B8C24F900AF9A56 /* DGChartsDynamic */,
				49FA1AF32B8C286300AF9A56 /* RxCocoa */,
				49FA1AF52B8C286300AF9A56 /* RxCocoa-Dynamic */,
				49FA1AFB2B8C286300AF9A56 /* RxSwift */,
				49FA1AFD2B8C286300AF9A56 /* RxSwift-Dynamic */,
			);
			productName = UIKitChartSample;
			productReference = 49FA1AC02B8C245300AF9A56 /* UIKitChartSample.app */;
			productType = "com.apple.product-type.application";
		};
/* End PBXNativeTarget section */

/* Begin PBXProject section */
		49FA1AB82B8C245200AF9A56 /* Project object */ = {
			isa = PBXProject;
			attributes = {
				BuildIndependentTargetsInParallel = 1;
				LastSwiftUpdateCheck = 1510;
				LastUpgradeCheck = 1510;
				TargetAttributes = {
					49FA1ABF2B8C245300AF9A56 = {
						CreatedOnToolsVersion = 15.1;
					};
				};
			};
			buildConfigurationList = 49FA1ABB2B8C245200AF9A56 /* Build configuration list for PBXProject "UIKitChartSample" */;
			compatibilityVersion = "Xcode 14.0";
			developmentRegion = en;
			hasScannedForEncodings = 0;
			knownRegions = (
				en,
				Base,
			);
			mainGroup = 49FA1AB72B8C245200AF9A56;
			packageReferences = (
				49FA1AD72B8C24D500AF9A56 /* XCRemoteSwiftPackageReference "SnapKit" */,
				49FA1ADC2B8C24F900AF9A56 /* XCRemoteSwiftPackageReference "Charts" */,
				49FA1AEE2B8C286300AF9A56 /* XCRemoteSwiftPackageReference "RxSwift" */,
			);
			productRefGroup = 49FA1AC12B8C245300AF9A56 /* Products */;
			projectDirPath = "";
			projectRoot = "";
			targets = (
				49FA1ABF2B8C245300AF9A56 /* UIKitChartSample */,
			);
		};
/* End PBXProject section */

/* Begin PBXResourcesBuildPhase section */
		49FA1ABE2B8C245300AF9A56 /* Resources */ = {
			isa = PBXResourcesBuildPhase;
			buildActionMask = 2147483647;
			files = (
				49FA1AD02B8C245400AF9A56 /* LaunchScreen.storyboard in Resources */,
				49FA1ACD2B8C245400AF9A56 /* Assets.xcassets in Resources */,
			);
			runOnlyForDeploymentPostprocessing = 0;
		};
/* End PBXResourcesBuildPhase section */

/* Begin PBXSourcesBuildPhase section */
		49FA1ABC2B8C245300AF9A56 /* Sources */ = {
			isa = PBXSourcesBuildPhase;
			buildActionMask = 2147483647;
			files = (
				49FA1AC82B8C245300AF9A56 /* ViewController.swift in Sources */,
				49FA1AE62B8C254900AF9A56 /* UIViewPreview.swift in Sources */,
				49FA1AC42B8C245300AF9A56 /* AppDelegate.swift in Sources */,
				49FA1AE92B8C254900AF9A56 /* DeviceType.swift in Sources */,
				49FA1AED2B8C27C300AF9A56 /* CandleModel.swift in Sources */,
				49FA1AE72B8C254900AF9A56 /* Extension+UIViewController.swift in Sources */,
				49FA1AC62B8C245300AF9A56 /* SceneDelegate.swift in Sources */,
				49FA1AEB2B8C277400AF9A56 /* ViewModel.swift in Sources */,
			);
			runOnlyForDeploymentPostprocessing = 0;
		};
/* End PBXSourcesBuildPhase section */

/* Begin PBXVariantGroup section */
		49FA1ACE2B8C245400AF9A56 /* LaunchScreen.storyboard */ = {
			isa = PBXVariantGroup;
			children = (
				49FA1ACF2B8C245400AF9A56 /* Base */,
			);
			name = LaunchScreen.storyboard;
			sourceTree = "<group>";
		};
/* End PBXVariantGroup section */

/* Begin XCBuildConfiguration section */
		49FA1AD22B8C245400AF9A56 /* Debug */ = {
			isa = XCBuildConfiguration;
			buildSettings = {
				ALWAYS_SEARCH_USER_PATHS = NO;
				ASSETCATALOG_COMPILER_GENERATE_SWIFT_ASSET_SYMBOL_EXTENSIONS = YES;
				CLANG_ANALYZER_NONNULL = YES;
				CLANG_ANALYZER_NUMBER_OBJECT_CONVERSION = YES_AGGRESSIVE;
				CLANG_CXX_LANGUAGE_STANDARD = "gnu++20";
				CLANG_ENABLE_MODULES = YES;
				CLANG_ENABLE_OBJC_ARC = YES;
				CLANG_ENABLE_OBJC_WEAK = YES;
				CLANG_WARN_BLOCK_CAPTURE_AUTORELEASING = YES;
				CLANG_WARN_BOOL_CONVERSION = YES;
				CLANG_WARN_COMMA = YES;
				CLANG_WARN_CONSTANT_CONVERSION = YES;
				CLANG_WARN_DEPRECATED_OBJC_IMPLEMENTATIONS = YES;
				CLANG_WARN_DIRECT_OBJC_ISA_USAGE = YES_ERROR;
				CLANG_WARN_DOCUMENTATION_COMMENTS = YES;
				CLANG_WARN_EMPTY_BODY = YES;
				CLANG_WARN_ENUM_CONVERSION = YES;
				CLANG_WARN_INFINITE_RECURSION = YES;
				CLANG_WARN_INT_CONVERSION = YES;
				CLANG_WARN_NON_LITERAL_NULL_CONVERSION = YES;
				CLANG_WARN_OBJC_IMPLICIT_RETAIN_SELF = YES;
				CLANG_WARN_OBJC_LITERAL_CONVERSION = YES;
				CLANG_WARN_OBJC_ROOT_CLASS = YES_ERROR;
				CLANG_WARN_QUOTED_INCLUDE_IN_FRAMEWORK_HEADER = YES;
				CLANG_WARN_RANGE_LOOP_ANALYSIS = YES;
				CLANG_WARN_STRICT_PROTOTYPES = YES;
				CLANG_WARN_SUSPICIOUS_MOVE = YES;
				CLANG_WARN_UNGUARDED_AVAILABILITY = YES_AGGRESSIVE;
				CLANG_WARN_UNREACHABLE_CODE = YES;
				CLANG_WARN__DUPLICATE_METHOD_MATCH = YES;
				COPY_PHASE_STRIP = NO;
				DEBUG_INFORMATION_FORMAT = dwarf;
				ENABLE_STRICT_OBJC_MSGSEND = YES;
				ENABLE_TESTABILITY = YES;
				ENABLE_USER_SCRIPT_SANDBOXING = YES;
				GCC_C_LANGUAGE_STANDARD = gnu17;
				GCC_DYNAMIC_NO_PIC = NO;
				GCC_NO_COMMON_BLOCKS = YES;
				GCC_OPTIMIZATION_LEVEL = 0;
				GCC_PREPROCESSOR_DEFINITIONS = (
					"DEBUG=1",
					"$(inherited)",
				);
				GCC_WARN_64_TO_32_BIT_CONVERSION = YES;
				GCC_WARN_ABOUT_RETURN_TYPE = YES_ERROR;
				GCC_WARN_UNDECLARED_SELECTOR = YES;
				GCC_WARN_UNINITIALIZED_AUTOS = YES_AGGRESSIVE;
				GCC_WARN_UNUSED_FUNCTION = YES;
				GCC_WARN_UNUSED_VARIABLE = YES;
				IPHONEOS_DEPLOYMENT_TARGET = 17.2;
				LOCALIZATION_PREFERS_STRING_CATALOGS = YES;
				MTL_ENABLE_DEBUG_INFO = INCLUDE_SOURCE;
				MTL_FAST_MATH = YES;
				ONLY_ACTIVE_ARCH = YES;
				SDKROOT = iphoneos;
				SWIFT_ACTIVE_COMPILATION_CONDITIONS = "DEBUG $(inherited)";
				SWIFT_OPTIMIZATION_LEVEL = "-Onone";
			};
			name = Debug;
		};
		49FA1AD32B8C245400AF9A56 /* Release */ = {
			isa = XCBuildConfiguration;
			buildSettings = {
				ALWAYS_SEARCH_USER_PATHS = NO;
				ASSETCATALOG_COMPILER_GENERATE_SWIFT_ASSET_SYMBOL_EXTENSIONS = YES;
				CLANG_ANALYZER_NONNULL = YES;
				CLANG_ANALYZER_NUMBER_OBJECT_CONVERSION = YES_AGGRESSIVE;
				CLANG_CXX_LANGUAGE_STANDARD = "gnu++20";
				CLANG_ENABLE_MODULES = YES;
				CLANG_ENABLE_OBJC_ARC = YES;
				CLANG_ENABLE_OBJC_WEAK = YES;
				CLANG_WARN_BLOCK_CAPTURE_AUTORELEASING = YES;
				CLANG_WARN_BOOL_CONVERSION = YES;
				CLANG_WARN_COMMA = YES;
				CLANG_WARN_CONSTANT_CONVERSION = YES;
				CLANG_WARN_DEPRECATED_OBJC_IMPLEMENTATIONS = YES;
				CLANG_WARN_DIRECT_OBJC_ISA_USAGE = YES_ERROR;
				CLANG_WARN_DOCUMENTATION_COMMENTS = YES;
				CLANG_WARN_EMPTY_BODY = YES;
				CLANG_WARN_ENUM_CONVERSION = YES;
				CLANG_WARN_INFINITE_RECURSION = YES;
				CLANG_WARN_INT_CONVERSION = YES;
				CLANG_WARN_NON_LITERAL_NULL_CONVERSION = YES;
				CLANG_WARN_OBJC_IMPLICIT_RETAIN_SELF = YES;
				CLANG_WARN_OBJC_LITERAL_CONVERSION = YES;
				CLANG_WARN_OBJC_ROOT_CLASS = YES_ERROR;
				CLANG_WARN_QUOTED_INCLUDE_IN_FRAMEWORK_HEADER = YES;
				CLANG_WARN_RANGE_LOOP_ANALYSIS = YES;
				CLANG_WARN_STRICT_PROTOTYPES = YES;
				CLANG_WARN_SUSPICIOUS_MOVE = YES;
				CLANG_WARN_UNGUARDED_AVAILABILITY = YES_AGGRESSIVE;
				CLANG_WARN_UNREACHABLE_CODE = YES;
				CLANG_WARN__DUPLICATE_METHOD_MATCH = YES;
				COPY_PHASE_STRIP = NO;
				DEBUG_INFORMATION_FORMAT = "dwarf-with-dsym";
				ENABLE_NS_ASSERTIONS = NO;
				ENABLE_STRICT_OBJC_MSGSEND = YES;
				ENABLE_USER_SCRIPT_SANDBOXING = YES;
				GCC_C_LANGUAGE_STANDARD = gnu17;
				GCC_NO_COMMON_BLOCKS = YES;
				GCC_WARN_64_TO_32_BIT_CONVERSION = YES;
				GCC_WARN_ABOUT_RETURN_TYPE = YES_ERROR;
				GCC_WARN_UNDECLARED_SELECTOR = YES;
				GCC_WARN_UNINITIALIZED_AUTOS = YES_AGGRESSIVE;
				GCC_WARN_UNUSED_FUNCTION = YES;
				GCC_WARN_UNUSED_VARIABLE = YES;
				IPHONEOS_DEPLOYMENT_TARGET = 17.2;
				LOCALIZATION_PREFERS_STRING_CATALOGS = YES;
				MTL_ENABLE_DEBUG_INFO = NO;
				MTL_FAST_MATH = YES;
				SDKROOT = iphoneos;
				SWIFT_COMPILATION_MODE = wholemodule;
				VALIDATE_PRODUCT = YES;
			};
			name = Release;
		};
		49FA1AD52B8C245400AF9A56 /* Debug */ = {
			isa = XCBuildConfiguration;
			buildSettings = {
				ASSETCATALOG_COMPILER_APPICON_NAME = AppIcon;
				ASSETCATALOG_COMPILER_GLOBAL_ACCENT_COLOR_NAME = AccentColor;
				CODE_SIGN_STYLE = Automatic;
				CURRENT_PROJECT_VERSION = 1;
				DEVELOPMENT_TEAM = R6V3UCSNG3;
				GENERATE_INFOPLIST_FILE = YES;
				INFOPLIST_FILE = UIKitChartSample/Info.plist;
				INFOPLIST_KEY_UIApplicationSupportsIndirectInputEvents = YES;
				INFOPLIST_KEY_UILaunchStoryboardName = LaunchScreen;
				INFOPLIST_KEY_UIMainStoryboardFile = "";
				INFOPLIST_KEY_UISupportedInterfaceOrientations_iPad = "UIInterfaceOrientationPortrait UIInterfaceOrientationPortraitUpsideDown UIInterfaceOrientationLandscapeLeft UIInterfaceOrientationLandscapeRight";
				INFOPLIST_KEY_UISupportedInterfaceOrientations_iPhone = "UIInterfaceOrientationPortrait UIInterfaceOrientationLandscapeLeft UIInterfaceOrientationLandscapeRight";
				LD_RUNPATH_SEARCH_PATHS = (
					"$(inherited)",
					"@executable_path/Frameworks",
				);
				MARKETING_VERSION = 1.0;
				PRODUCT_BUNDLE_IDENTIFIER = com.ycompany.UIKitChartSample;
				PRODUCT_NAME = "$(TARGET_NAME)";
				SWIFT_EMIT_LOC_STRINGS = YES;
				SWIFT_VERSION = 5.0;
				TARGETED_DEVICE_FAMILY = "1,2";
			};
			name = Debug;
		};
		49FA1AD62B8C245400AF9A56 /* Release */ = {
			isa = XCBuildConfiguration;
			buildSettings = {
				ASSETCATALOG_COMPILER_APPICON_NAME = AppIcon;
				ASSETCATALOG_COMPILER_GLOBAL_ACCENT_COLOR_NAME = AccentColor;
				CODE_SIGN_STYLE = Automatic;
				CURRENT_PROJECT_VERSION = 1;
				DEVELOPMENT_TEAM = R6V3UCSNG3;
				GENERATE_INFOPLIST_FILE = YES;
				INFOPLIST_FILE = UIKitChartSample/Info.plist;
				INFOPLIST_KEY_UIApplicationSupportsIndirectInputEvents = YES;
				INFOPLIST_KEY_UILaunchStoryboardName = LaunchScreen;
				INFOPLIST_KEY_UIMainStoryboardFile = "";
				INFOPLIST_KEY_UISupportedInterfaceOrientations_iPad = "UIInterfaceOrientationPortrait UIInterfaceOrientationPortraitUpsideDown UIInterfaceOrientationLandscapeLeft UIInterfaceOrientationLandscapeRight";
				INFOPLIST_KEY_UISupportedInterfaceOrientations_iPhone = "UIInterfaceOrientationPortrait UIInterfaceOrientationLandscapeLeft UIInterfaceOrientationLandscapeRight";
				LD_RUNPATH_SEARCH_PATHS = (
					"$(inherited)",
					"@executable_path/Frameworks",
				);
				MARKETING_VERSION = 1.0;
				PRODUCT_BUNDLE_IDENTIFIER = com.ycompany.UIKitChartSample;
				PRODUCT_NAME = "$(TARGET_NAME)";
				SWIFT_EMIT_LOC_STRINGS = YES;
				SWIFT_VERSION = 5.0;
				TARGETED_DEVICE_FAMILY = "1,2";
			};
			name = Release;
		};
/* End XCBuildConfiguration section */

/* Begin XCConfigurationList section */
		49FA1ABB2B8C245200AF9A56 /* Build configuration list for PBXProject "UIKitChartSample" */ = {
			isa = XCConfigurationList;
			buildConfigurations = (
				49FA1AD22B8C245400AF9A56 /* Debug */,
				49FA1AD32B8C245400AF9A56 /* Release */,
			);
			defaultConfigurationIsVisible = 0;
			defaultConfigurationName = Release;
		};
		49FA1AD42B8C245400AF9A56 /* Build configuration list for PBXNativeTarget "UIKitChartSample" */ = {
			isa = XCConfigurationList;
			buildConfigurations = (
				49FA1AD52B8C245400AF9A56 /* Debug */,
				49FA1AD62B8C245400AF9A56 /* Release */,
			);
			defaultConfigurationIsVisible = 0;
			defaultConfigurationName = Release;
		};
/* End XCConfigurationList section */

/* Begin XCRemoteSwiftPackageReference section */
		49FA1AD72B8C24D500AF9A56 /* XCRemoteSwiftPackageReference "SnapKit" */ = {
			isa = XCRemoteSwiftPackageReference;
			repositoryURL = "https://github.com/SnapKit/SnapKit.git";
			requirement = {
				kind = upToNextMajorVersion;
				minimumVersion = 5.7.1;
			};
		};
		49FA1ADC2B8C24F900AF9A56 /* XCRemoteSwiftPackageReference "Charts" */ = {
			isa = XCRemoteSwiftPackageReference;
			repositoryURL = "https://github.com/danielgindi/Charts.git";
			requirement = {
				kind = upToNextMajorVersion;
				minimumVersion = 5.1.0;
			};
		};
		49FA1AEE2B8C286300AF9A56 /* XCRemoteSwiftPackageReference "RxSwift" */ = {
			isa = XCRemoteSwiftPackageReference;
			repositoryURL = "https://github.com/ReactiveX/RxSwift.git";
			requirement = {
				kind = upToNextMajorVersion;
				minimumVersion = 6.6.0;
			};
		};
/* End XCRemoteSwiftPackageReference section */

/* Begin XCSwiftPackageProductDependency section */
		49FA1AD82B8C24D500AF9A56 /* SnapKit */ = {
			isa = XCSwiftPackageProductDependency;
			package = 49FA1AD72B8C24D500AF9A56 /* XCRemoteSwiftPackageReference "SnapKit" */;
			productName = SnapKit;
		};
		49FA1ADA2B8C24D500AF9A56 /* SnapKit-Dynamic */ = {
			isa = XCSwiftPackageProductDependency;
			package = 49FA1AD72B8C24D500AF9A56 /* XCRemoteSwiftPackageReference "SnapKit" */;
			productName = "SnapKit-Dynamic";
		};
		49FA1ADD2B8C24F900AF9A56 /* DGCharts */ = {
			isa = XCSwiftPackageProductDependency;
			package = 49FA1ADC2B8C24F900AF9A56 /* XCRemoteSwiftPackageReference "Charts" */;
			productName = DGCharts;
		};
		49FA1ADF2B8C24F900AF9A56 /* DGChartsDynamic */ = {
			isa = XCSwiftPackageProductDependency;
			package = 49FA1ADC2B8C24F900AF9A56 /* XCRemoteSwiftPackageReference "Charts" */;
			productName = DGChartsDynamic;
		};
		49FA1AF32B8C286300AF9A56 /* RxCocoa */ = {
			isa = XCSwiftPackageProductDependency;
			package = 49FA1AEE2B8C286300AF9A56 /* XCRemoteSwiftPackageReference "RxSwift" */;
			productName = RxCocoa;
		};
		49FA1AF52B8C286300AF9A56 /* RxCocoa-Dynamic */ = {
			isa = XCSwiftPackageProductDependency;
			package = 49FA1AEE2B8C286300AF9A56 /* XCRemoteSwiftPackageReference "RxSwift" */;
			productName = "RxCocoa-Dynamic";
		};
		49FA1AFB2B8C286300AF9A56 /* RxSwift */ = {
			isa = XCSwiftPackageProductDependency;
			package = 49FA1AEE2B8C286300AF9A56 /* XCRemoteSwiftPackageReference "RxSwift" */;
			productName = RxSwift;
		};
		49FA1AFD2B8C286300AF9A56 /* RxSwift-Dynamic */ = {
			isa = XCSwiftPackageProductDependency;
			package = 49FA1AEE2B8C286300AF9A56 /* XCRemoteSwiftPackageReference "RxSwift" */;
			productName = "RxSwift-Dynamic";
		};
/* End XCSwiftPackageProductDependency section */
	};
	rootObject = 49FA1AB82B8C245200AF9A56 /* Project object */;
}
